
Microsoft Visual Studio Solution File, Format Version 12.00
# Visual Studio Version 16
VisualStudioVersion = 16.0.29001.49
MinimumVisualStudioVersion = 10.0.40219.1
Project("{FAE04EC0-301F-11D3-BF4B-00C04F79EFBC}") = "ProyectoBDI2", "ProyectoBDI2.csproj", "{9E5F35A1-F405-4EAF-A07D-FA04E09CB857}"
EndProject
Project("{FAE04EC0-301F-11D3-BF4B-00C04F79EFBC}") = "ProyectoBDI2.Tests", "..\ProyectoBDI2.Tests\ProyectoBDI2.Tests.csproj", "{15CB1A0E-990A-4900-BC52-8024BEA8CD49}"
EndProject
Global
	GlobalSection(SolutionConfigurationPlatforms) = preSolution
		Debug|Any CPU = Debug|Any CPU
		Release|Any CPU = Release|Any CPU
	EndGlobalSection
	GlobalSection(ProjectConfigurationPlatforms) = postSolution
		{9E5F35A1-F405-4EAF-A07D-FA04E09CB857}.Debug|Any CPU.ActiveCfg = Debug|Any CPU
		{9E5F35A1-F405-4EAF-A07D-FA04E09CB857}.Debug|Any CPU.Build.0 = Debug|Any CPU
		{9E5F35A1-F405-4EAF-A07D-FA04E09CB857}.Release|Any CPU.ActiveCfg = Release|Any CPU
		{9E5F35A1-F405-4EAF-A07D-FA04E09CB857}.Release|Any CPU.Build.0 = Release|Any CPU
		{15CB1A0E-990A-4900-BC52-8024BEA8CD49}.Debug|Any CPU.ActiveCfg = Debug|Any CPU
		{15CB1A0E-990A-4900-BC52-8024BEA8CD49}.Debug|Any CPU.Build.0 = Debug|Any CPU
		{15CB1A0E-990A-4900-BC52-8024BEA8CD49}.Release|Any CPU.ActiveCfg = Release|Any CPU
		{15CB1A0E-990A-4900-BC52-8024BEA8CD49}.Release|Any CPU.Build.0 = Release|Any CPU
	EndGlobalSection
	GlobalSection(SolutionProperties) = preSolution
		HideSolutionNode = FALSE
	EndGlobalSection
	GlobalSection(ExtensibilityGlobals) = postSolution
		SolutionGuid = {473CE4B8-50B1-46E0-9802-F620B9D58CD6}
	EndGlobalSection
EndGlobal
